// !$*UTF8*$!
{
	archiveVersion = 1;
	classes = {
	};
	objectVersion = 48;
	objects = {

/* Begin PBXBuildFile section */
		3F72ADB41F428F45009A6EEF /* Time Runners in Resources */ = {isa = PBXBuildFile; fileRef = 3F72ADB31F428EEC009A6EEF /* Time Runners */; };
		3F8CB05B1F428C4C00743FC0 /* GameScene.sks in Resources */ = {isa = PBXBuildFile; fileRef = 3F8CB05A1F428C4C00743FC0 /* GameScene.sks */; };
		3F8CB0631F428C4C00743FC0 /* Assets.xcassets in Resources */ = {isa = PBXBuildFile; fileRef = 3F8CB0621F428C4C00743FC0 /* Assets.xcassets */; };
		3F8CB0661F428C4C00743FC0 /* Main.storyboard in Resources */ = {isa = PBXBuildFile; fileRef = 3F8CB0641F428C4C00743FC0 /* Main.storyboard */; };
		3F8CB0721F428C4C00743FC0 /* SimulmondoTests.swift in Sources */ = {isa = PBXBuildFile; fileRef = 3F8CB0711F428C4C00743FC0 /* SimulmondoTests.swift */; };
		3F9240551F428D99003D3057 /* AppDelegate.swift in Sources */ = {isa = PBXBuildFile; fileRef = 3F8CB0581F428C4C00743FC0 /* AppDelegate.swift */; };
		3F9240561F428D99003D3057 /* GameScene.swift in Sources */ = {isa = PBXBuildFile; fileRef = 3F8CB05E1F428C4C00743FC0 /* GameScene.swift */; };
		3F9240571F428D99003D3057 /* ViewController.swift in Sources */ = {isa = PBXBuildFile; fileRef = 3F8CB0601F428C4C00743FC0 /* ViewController.swift */; };
		3F9240581F428D99003D3057 /* DataParsing.swift in Sources */ = {isa = PBXBuildFile; fileRef = 3F92404C1F428D24003D3057 /* DataParsing.swift */; };
		3F9240591F428D99003D3057 /* FileParsing.swift in Sources */ = {isa = PBXBuildFile; fileRef = 3F92404F1F428D24003D3057 /* FileParsing.swift */; };
		3F92405A1F428D99003D3057 /* Simulmondo.swift in Sources */ = {isa = PBXBuildFile; fileRef = 3F92404E1F428D24003D3057 /* Simulmondo.swift */; };
		3F92405B1F428D99003D3057 /* TimeRunners.swift in Sources */ = {isa = PBXBuildFile; fileRef = 3F9240501F428D8A003D3057 /* TimeRunners.swift */; };
/* End PBXBuildFile section */

/* Begin PBXContainerItemProxy section */
		3F8CB06E1F428C4C00743FC0 /* PBXContainerItemProxy */ = {
			isa = PBXContainerItemProxy;
			containerPortal = 3F8CB04D1F428C4C00743FC0 /* Project object */;
			proxyType = 1;
			remoteGlobalIDString = 3F8CB0541F428C4C00743FC0;
			remoteInfo = Simulmondo;
		};
/* End PBXContainerItemProxy section */

/* Begin PBXFileReference section */
		3F72ADB31F428EEC009A6EEF /* Time Runners */ = {isa = PBXFileReference; lastKnownFileType = text; path = "Time Runners"; sourceTree = SOURCE_ROOT; };
		3F8CB0551F428C4C00743FC0 /* Simulmondo.app */ = {isa = PBXFileReference; explicitFileType = wrapper.application; includeInIndex = 0; path = Simulmondo.app; sourceTree = BUILT_PRODUCTS_DIR; };
		3F8CB0581F428C4C00743FC0 /* AppDelegate.swift */ = {isa = PBXFileReference; lastKnownFileType = sourcecode.swift; path = AppDelegate.swift; sourceTree = "<group>"; };
		3F8CB05A1F428C4C00743FC0 /* GameScene.sks */ = {isa = PBXFileReference; lastKnownFileType = file.sks; path = GameScene.sks; sourceTree = "<group>"; };
		3F8CB05E1F428C4C00743FC0 /* GameScene.swift */ = {isa = PBXFileReference; lastKnownFileType = sourcecode.swift; path = GameScene.swift; sourceTree = "<group>"; };
		3F8CB0601F428C4C00743FC0 /* ViewController.swift */ = {isa = PBXFileReference; lastKnownFileType = sourcecode.swift; path = ViewController.swift; sourceTree = "<group>"; };
		3F8CB0621F428C4C00743FC0 /* Assets.xcassets */ = {isa = PBXFileReference; lastKnownFileType = folder.assetcatalog; path = Assets.xcassets; sourceTree = "<group>"; };
		3F8CB0651F428C4C00743FC0 /* Base */ = {isa = PBXFileReference; lastKnownFileType = file.storyboard; name = Base; path = Base.lproj/Main.storyboard; sourceTree = "<group>"; };
		3F8CB0671F428C4C00743FC0 /* Info.plist */ = {isa = PBXFileReference; lastKnownFileType = text.plist.xml; path = Info.plist; sourceTree = "<group>"; };
		3F8CB0681F428C4C00743FC0 /* Simulmondo.entitlements */ = {isa = PBXFileReference; lastKnownFileType = text.plist.entitlements; path = Simulmondo.entitlements; sourceTree = "<group>"; };
		3F8CB06D1F428C4C00743FC0 /* SimulmondoTests.xctest */ = {isa = PBXFileReference; explicitFileType = wrapper.cfbundle; includeInIndex = 0; path = SimulmondoTests.xctest; sourceTree = BUILT_PRODUCTS_DIR; };
		3F8CB0711F428C4C00743FC0 /* SimulmondoTests.swift */ = {isa = PBXFileReference; lastKnownFileType = sourcecode.swift; path = SimulmondoTests.swift; sourceTree = "<group>"; };
		3F8CB0731F428C4C00743FC0 /* Info.plist */ = {isa = PBXFileReference; lastKnownFileType = text.plist.xml; path = Info.plist; sourceTree = "<group>"; };
		3F92404C1F428D24003D3057 /* DataParsing.swift */ = {isa = PBXFileReference; lastKnownFileType = sourcecode.swift; name = DataParsing.swift; path = Simulmondo/DataParsing.swift; sourceTree = SOURCE_ROOT; };
		3F92404E1F428D24003D3057 /* Simulmondo.swift */ = {isa = PBXFileReference; lastKnownFileType = sourcecode.swift; name = Simulmondo.swift; path = Simulmondo/Simulmondo.swift; sourceTree = SOURCE_ROOT; };
		3F92404F1F428D24003D3057 /* FileParsing.swift */ = {isa = PBXFileReference; lastKnownFileType = sourcecode.swift; name = FileParsing.swift; path = Simulmondo/FileParsing.swift; sourceTree = SOURCE_ROOT; };
		3F9240501F428D8A003D3057 /* TimeRunners.swift */ = {isa = PBXFileReference; lastKnownFileType = sourcecode.swift; path = TimeRunners.swift; sourceTree = "<group>"; };
/* End PBXFileReference section */

/* Begin PBXFrameworksBuildPhase section */
		3F8CB0521F428C4C00743FC0 /* Frameworks */ = {
			isa = PBXFrameworksBuildPhase;
			buildActionMask = 2147483647;
			files = (
			);
			runOnlyForDeploymentPostprocessing = 0;
		};
		3F8CB06A1F428C4C00743FC0 /* Frameworks */ = {
			isa = PBXFrameworksBuildPhase;
			buildActionMask = 2147483647;
			files = (
			);
			runOnlyForDeploymentPostprocessing = 0;
		};
/* End PBXFrameworksBuildPhase section */

/* Begin PBXGroup section */
		3F8CB04C1F428C4C00743FC0 = {
			isa = PBXGroup;
			children = (
				3F8CB0571F428C4C00743FC0 /* Simulmondo */,
				3F8CB0701F428C4C00743FC0 /* SimulmondoTests */,
				3F72ADB31F428EEC009A6EEF /* Time Runners */,
				3F8CB0561F428C4C00743FC0 /* Products */,
			);
			sourceTree = "<group>";
		};
		3F8CB0561F428C4C00743FC0 /* Products */ = {
			isa = PBXGroup;
			children = (
				3F8CB0551F428C4C00743FC0 /* Simulmondo.app */,
				3F8CB06D1F428C4C00743FC0 /* SimulmondoTests.xctest */,
			);
			name = Products;
			sourceTree = "<group>";
		};
		3F8CB0571F428C4C00743FC0 /* Simulmondo */ = {
			isa = PBXGroup;
			children = (
				3F92404B1F428C9C003D3057 /* Boilerplate */,
				3F8CB0581F428C4C00743FC0 /* AppDelegate.swift */,
				3F8CB05E1F428C4C00743FC0 /* GameScene.swift */,
				3F8CB0601F428C4C00743FC0 /* ViewController.swift */,
				3F92404C1F428D24003D3057 /* DataParsing.swift */,
				3F92404F1F428D24003D3057 /* FileParsing.swift */,
				3F92404E1F428D24003D3057 /* Simulmondo.swift */,
				3F9240501F428D8A003D3057 /* TimeRunners.swift */,
			);
			path = Simulmondo;
			sourceTree = "<group>";
		};
		3F8CB0701F428C4C00743FC0 /* SimulmondoTests */ = {
			isa = PBXGroup;
			children = (
				3F8CB0711F428C4C00743FC0 /* SimulmondoTests.swift */,
				3F8CB0731F428C4C00743FC0 /* Info.plist */,
			);
			path = SimulmondoTests;
			sourceTree = "<group>";
		};
		3F92404B1F428C9C003D3057 /* Boilerplate */ = {
			isa = PBXGroup;
			children = (
				3F8CB0621F428C4C00743FC0 /* Assets.xcassets */,
				3F8CB05A1F428C4C00743FC0 /* GameScene.sks */,
				3F8CB0671F428C4C00743FC0 /* Info.plist */,
				3F8CB0641F428C4C00743FC0 /* Main.storyboard */,
				3F8CB0681F428C4C00743FC0 /* Simulmondo.entitlements */,
			);
			path = Boilerplate;
			sourceTree = "<group>";
		};
/* End PBXGroup section */

/* Begin PBXNativeTarget section */
		3F8CB0541F428C4C00743FC0 /* Simulmondo */ = {
			isa = PBXNativeTarget;
			buildConfigurationList = 3F8CB0761F428C4C00743FC0 /* Build configuration list for PBXNativeTarget "Simulmondo" */;
			buildPhases = (
				3F8CB0511F428C4C00743FC0 /* Sources */,
				3F8CB0521F428C4C00743FC0 /* Frameworks */,
				3F8CB0531F428C4C00743FC0 /* Resources */,
			);
			buildRules = (
			);
			dependencies = (
			);
			name = Simulmondo;
			productName = Simulmondo;
			productReference = 3F8CB0551F428C4C00743FC0 /* Simulmondo.app */;
			productType = "com.apple.product-type.application";
		};
		3F8CB06C1F428C4C00743FC0 /* SimulmondoTests */ = {
			isa = PBXNativeTarget;
			buildConfigurationList = 3F8CB0791F428C4C00743FC0 /* Build configuration list for PBXNativeTarget "SimulmondoTests" */;
			buildPhases = (
				3F8CB0691F428C4C00743FC0 /* Sources */,
				3F8CB06A1F428C4C00743FC0 /* Frameworks */,
				3F8CB06B1F428C4C00743FC0 /* Resources */,
			);
			buildRules = (
			);
			dependencies = (
				3F8CB06F1F428C4C00743FC0 /* PBXTargetDependency */,
			);
			name = SimulmondoTests;
			productName = SimulmondoTests;
			productReference = 3F8CB06D1F428C4C00743FC0 /* SimulmondoTests.xctest */;
			productType = "com.apple.product-type.bundle.unit-test";
		};
/* End PBXNativeTarget section */

/* Begin PBXProject section */
		3F8CB04D1F428C4C00743FC0 /* Project object */ = {
			isa = PBXProject;
			attributes = {
				LastSwiftUpdateCheck = 0900;
				LastUpgradeCheck = 0900;
				ORGANIZATIONNAME = "Antonio Malara";
				TargetAttributes = {
					3F8CB0541F428C4C00743FC0 = {
						CreatedOnToolsVersion = 9.0;
					};
					3F8CB06C1F428C4C00743FC0 = {
						CreatedOnToolsVersion = 9.0;
						TestTargetID = 3F8CB0541F428C4C00743FC0;
					};
				};
			};
			buildConfigurationList = 3F8CB0501F428C4C00743FC0 /* Build configuration list for PBXProject "Simulmondo" */;
			compatibilityVersion = "Xcode 8.0";
			developmentRegion = en;
			hasScannedForEncodings = 0;
			knownRegions = (
				en,
				Base,
			);
			mainGroup = 3F8CB04C1F428C4C00743FC0;
			productRefGroup = 3F8CB0561F428C4C00743FC0 /* Products */;
			projectDirPath = "";
			projectRoot = "";
			targets = (
				3F8CB0541F428C4C00743FC0 /* Simulmondo */,
				3F8CB06C1F428C4C00743FC0 /* SimulmondoTests */,
			);
		};
/* End PBXProject section */

/* Begin PBXResourcesBuildPhase section */
		3F8CB0531F428C4C00743FC0 /* Resources */ = {
			isa = PBXResourcesBuildPhase;
			buildActionMask = 2147483647;
			files = (
				3F72ADB41F428F45009A6EEF /* Time Runners in Resources */,
				3F8CB05B1F428C4C00743FC0 /* GameScene.sks in Resources */,
				3F8CB0631F428C4C00743FC0 /* Assets.xcassets in Resources */,
				3F8CB0661F428C4C00743FC0 /* Main.storyboard in Resources */,
			);
			runOnlyForDeploymentPostprocessing = 0;
		};
		3F8CB06B1F428C4C00743FC0 /* Resources */ = {
			isa = PBXResourcesBuildPhase;
			buildActionMask = 2147483647;
			files = (
			);
			runOnlyForDeploymentPostprocessing = 0;
		};
/* End PBXResourcesBuildPhase section */

/* Begin PBXSourcesBuildPhase section */
		3F8CB0511F428C4C00743FC0 /* Sources */ = {
			isa = PBXSourcesBuildPhase;
			buildActionMask = 2147483647;
			files = (
				3F9240571F428D99003D3057 /* ViewController.swift in Sources */,
				3F9240561F428D99003D3057 /* GameScene.swift in Sources */,
				3F9240581F428D99003D3057 /* DataParsing.swift in Sources */,
				3F9240591F428D99003D3057 /* FileParsing.swift in Sources */,
				3F92405B1F428D99003D3057 /* TimeRunners.swift in Sources */,
				3F92405A1F428D99003D3057 /* Simulmondo.swift in Sources */,
				3F9240551F428D99003D3057 /* AppDelegate.swift in Sources */,
			);
			runOnlyForDeploymentPostprocessing = 0;
		};
		3F8CB0691F428C4C00743FC0 /* Sources */ = {
			isa = PBXSourcesBuildPhase;
			buildActionMask = 2147483647;
			files = (
				3F8CB0721F428C4C00743FC0 /* SimulmondoTests.swift in Sources */,
			);
			runOnlyForDeploymentPostprocessing = 0;
		};
/* End PBXSourcesBuildPhase section */

/* Begin PBXTargetDependency section */
		3F8CB06F1F428C4C00743FC0 /* PBXTargetDependency */ = {
			isa = PBXTargetDependency;
			target = 3F8CB0541F428C4C00743FC0 /* Simulmondo */;
			targetProxy = 3F8CB06E1F428C4C00743FC0 /* PBXContainerItemProxy */;
		};
/* End PBXTargetDependency section */

/* Begin PBXVariantGroup section */
		3F8CB0641F428C4C00743FC0 /* Main.storyboard */ = {
			isa = PBXVariantGroup;
			children = (
				3F8CB0651F428C4C00743FC0 /* Base */,
			);
			name = Main.storyboard;
			path = ..;
			sourceTree = "<group>";
		};
/* End PBXVariantGroup section */

/* Begin XCBuildConfiguration section */
		3F8CB0741F428C4C00743FC0 /* Debug */ = {
			isa = XCBuildConfiguration;
			buildSettings = {
				ALWAYS_SEARCH_USER_PATHS = NO;
				CLANG_ANALYZER_NONNULL = YES;
				CLANG_ANALYZER_NUMBER_OBJECT_CONVERSION = YES_AGGRESSIVE;
				CLANG_CXX_LANGUAGE_STANDARD = "gnu++14";
				CLANG_CXX_LIBRARY = "libc++";
				CLANG_ENABLE_MODULES = YES;
				CLANG_ENABLE_OBJC_ARC = YES;
				CLANG_WARN_BLOCK_CAPTURE_AUTORELEASING = YES;
				CLANG_WARN_BOOL_CONVERSION = YES;
				CLANG_WARN_COMMA = YES;
				CLANG_WARN_CONSTANT_CONVERSION = YES;
				CLANG_WARN_DIRECT_OBJC_ISA_USAGE = YES_ERROR;
				CLANG_WARN_DOCUMENTATION_COMMENTS = YES;
				CLANG_WARN_EMPTY_BODY = YES;
				CLANG_WARN_ENUM_CONVERSION = YES;
				CLANG_WARN_INFINITE_RECURSION = YES;
				CLANG_WARN_INT_CONVERSION = YES;
				CLANG_WARN_OBJC_ROOT_CLASS = YES_ERROR;
				CLANG_WARN_RANGE_LOOP_ANALYSIS = YES;
				CLANG_WARN_STRICT_PROTOTYPES = YES;
				CLANG_WARN_SUSPICIOUS_MOVE = YES;
				CLANG_WARN_UNGUARDED_AVAILABILITY = YES_AGGRESSIVE;
				CLANG_WARN_UNREACHABLE_CODE = YES;
				CLANG_WARN__DUPLICATE_METHOD_MATCH = YES;
				CODE_SIGN_IDENTITY = "-";
				COPY_PHASE_STRIP = NO;
				DEBUG_INFORMATION_FORMAT = dwarf;
				ENABLE_STRICT_OBJC_MSGSEND = YES;
				ENABLE_TESTABILITY = YES;
				GCC_C_LANGUAGE_STANDARD = gnu11;
				GCC_DYNAMIC_NO_PIC = NO;
				GCC_NO_COMMON_BLOCKS = YES;
				GCC_OPTIMIZATION_LEVEL = 0;
				GCC_PREPROCESSOR_DEFINITIONS = (
					"DEBUG=1",
					"$(inherited)",
				);
				GCC_WARN_64_TO_32_BIT_CONVERSION = YES;
				GCC_WARN_ABOUT_RETURN_TYPE = YES_ERROR;
				GCC_WARN_UNDECLARED_SELECTOR = YES;
				GCC_WARN_UNINITIALIZED_AUTOS = YES_AGGRESSIVE;
				GCC_WARN_UNUSED_FUNCTION = YES;
				GCC_WARN_UNUSED_VARIABLE = YES;
				MACOSX_DEPLOYMENT_TARGET = 10.12;
				MTL_ENABLE_DEBUG_INFO = YES;
				ONLY_ACTIVE_ARCH = YES;
				SDKROOT = macosx;
				SWIFT_ACTIVE_COMPILATION_CONDITIONS = DEBUG;
				SWIFT_OPTIMIZATION_LEVEL = "-Onone";
			};
			name = Debug;
		};
		3F8CB0751F428C4C00743FC0 /* Release */ = {
			isa = XCBuildConfiguration;
			buildSettings = {
				ALWAYS_SEARCH_USER_PATHS = NO;
				CLANG_ANALYZER_NONNULL = YES;
				CLANG_ANALYZER_NUMBER_OBJECT_CONVERSION = YES_AGGRESSIVE;
				CLANG_CXX_LANGUAGE_STANDARD = "gnu++14";
				CLANG_CXX_LIBRARY = "libc++";
				CLANG_ENABLE_MODULES = YES;
				CLANG_ENABLE_OBJC_ARC = YES;
				CLANG_WARN_BLOCK_CAPTURE_AUTORELEASING = YES;
				CLANG_WARN_BOOL_CONVERSION = YES;
				CLANG_WARN_COMMA = YES;
				CLANG_WARN_CONSTANT_CONVERSION = YES;
				CLANG_WARN_DIRECT_OBJC_ISA_USAGE = YES_ERROR;
				CLANG_WARN_DOCUMENTATION_COMMENTS = YES;
				CLANG_WARN_EMPTY_BODY = YES;
				CLANG_WARN_ENUM_CONVERSION = YES;
				CLANG_WARN_INFINITE_RECURSION = YES;
				CLANG_WARN_INT_CONVERSION = YES;
				CLANG_WARN_OBJC_ROOT_CLASS = YES_ERROR;
				CLANG_WARN_RANGE_LOOP_ANALYSIS = YES;
				CLANG_WARN_STRICT_PROTOTYPES = YES;
				CLANG_WARN_SUSPICIOUS_MOVE = YES;
				CLANG_WARN_UNGUARDED_AVAILABILITY = YES_AGGRESSIVE;
				CLANG_WARN_UNREACHABLE_CODE = YES;
				CLANG_WARN__DUPLICATE_METHOD_MATCH = YES;
				CODE_SIGN_IDENTITY = "-";
				COPY_PHASE_STRIP = NO;
				DEBUG_INFORMATION_FORMAT = "dwarf-with-dsym";
				ENABLE_NS_ASSERTIONS = NO;
				ENABLE_STRICT_OBJC_MSGSEND = YES;
				GCC_C_LANGUAGE_STANDARD = gnu11;
				GCC_NO_COMMON_BLOCKS = YES;
				GCC_WARN_64_TO_32_BIT_CONVERSION = YES;
				GCC_WARN_ABOUT_RETURN_TYPE = YES_ERROR;
				GCC_WARN_UNDECLARED_SELECTOR = YES;
				GCC_WARN_UNINITIALIZED_AUTOS = YES_AGGRESSIVE;
				GCC_WARN_UNUSED_FUNCTION = YES;
				GCC_WARN_UNUSED_VARIABLE = YES;
				MACOSX_DEPLOYMENT_TARGET = 10.12;
				MTL_ENABLE_DEBUG_INFO = NO;
				SDKROOT = macosx;
				SWIFT_OPTIMIZATION_LEVEL = "-Owholemodule";
			};
			name = Release;
		};
		3F8CB0771F428C4C00743FC0 /* Debug */ = {
			isa = XCBuildConfiguration;
			buildSettings = {
				ASSETCATALOG_COMPILER_APPICON_NAME = AppIcon;
				CODE_SIGN_ENTITLEMENTS = Simulmondo/Boilerplate/Simulmondo.entitlements;
				COMBINE_HIDPI_IMAGES = YES;
				INFOPLIST_FILE = Simulmondo/Boilerplate/Info.plist;
				LD_RUNPATH_SEARCH_PATHS = "$(inherited) @executable_path/../Frameworks";
				PRODUCT_BUNDLE_IDENTIFIER = name.malara.antonio.Simulmondo;
				PRODUCT_NAME = "$(TARGET_NAME)";
				SWIFT_VERSION = 4.0;
			};
			name = Debug;
		};
		3F8CB0781F428C4C00743FC0 /* Release */ = {
			isa = XCBuildConfiguration;
			buildSettings = {
				ASSETCATALOG_COMPILER_APPICON_NAME = AppIcon;
				CODE_SIGN_ENTITLEMENTS = Simulmondo/Boilerplate/Simulmondo.entitlements;
				COMBINE_HIDPI_IMAGES = YES;
				INFOPLIST_FILE = Simulmondo/Boilerplate/Info.plist;
				LD_RUNPATH_SEARCH_PATHS = "$(inherited) @executable_path/../Frameworks";
				PRODUCT_BUNDLE_IDENTIFIER = name.malara.antonio.Simulmondo;
				PRODUCT_NAME = "$(TARGET_NAME)";
				SWIFT_VERSION = 4.0;
			};
			name = Release;
		};
		3F8CB07A1F428C4C00743FC0 /* Debug */ = {
			isa = XCBuildConfiguration;
			buildSettings = {
				ALWAYS_EMBED_SWIFT_STANDARD_LIBRARIES = YES;
				BUNDLE_LOADER = "$(TEST_HOST)";
				COMBINE_HIDPI_IMAGES = YES;
				INFOPLIST_FILE = SimulmondoTests/Info.plist;
				LD_RUNPATH_SEARCH_PATHS = "$(inherited) @executable_path/../Frameworks @loader_path/../Frameworks";
				PRODUCT_BUNDLE_IDENTIFIER = name.malara.antonio.SimulmondoTests;
				PRODUCT_NAME = "$(TARGET_NAME)";
				SWIFT_VERSION = 4.0;
				TEST_HOST = "$(BUILT_PRODUCTS_DIR)/Simulmondo.app/Contents/MacOS/Simulmondo";
			};
			name = Debug;
		};
		3F8CB07B1F428C4C00743FC0 /* Release */ = {
			isa = XCBuildConfiguration;
			buildSettings = {
				ALWAYS_EMBED_SWIFT_STANDARD_LIBRARIES = YES;
				BUNDLE_LOADER = "$(TEST_HOST)";
				COMBINE_HIDPI_IMAGES = YES;
				INFOPLIST_FILE = SimulmondoTests/Info.plist;
				LD_RUNPATH_SEARCH_PATHS = "$(inherited) @executable_path/../Frameworks @loader_path/../Frameworks";
				PRODUCT_BUNDLE_IDENTIFIER = name.malara.antonio.SimulmondoTests;
				PRODUCT_NAME = "$(TARGET_NAME)";
				SWIFT_VERSION = 4.0;
				TEST_HOST = "$(BUILT_PRODUCTS_DIR)/Simulmondo.app/Contents/MacOS/Simulmondo";
			};
			name = Release;
		};
/* End XCBuildConfiguration section */

/* Begin XCConfigurationList section */
		3F8CB0501F428C4C00743FC0 /* Build configuration list for PBXProject "Simulmondo" */ = {
			isa = XCConfigurationList;
			buildConfigurations = (
				3F8CB0741F428C4C00743FC0 /* Debug */,
				3F8CB0751F428C4C00743FC0 /* Release */,
			);
			defaultConfigurationIsVisible = 0;
			defaultConfigurationName = Release;
		};
		3F8CB0761F428C4C00743FC0 /* Build configuration list for PBXNativeTarget "Simulmondo" */ = {
			isa = XCConfigurationList;
			buildConfigurations = (
				3F8CB0771F428C4C00743FC0 /* Debug */,
				3F8CB0781F428C4C00743FC0 /* Release */,
			);
			defaultConfigurationIsVisible = 0;
			defaultConfigurationName = Release;
		};
		3F8CB0791F428C4C00743FC0 /* Build configuration list for PBXNativeTarget "SimulmondoTests" */ = {
			isa = XCConfigurationList;
			buildConfigurations = (
				3F8CB07A1F428C4C00743FC0 /* Debug */,
				3F8CB07B1F428C4C00743FC0 /* Release */,
			);
			defaultConfigurationIsVisible = 0;
			defaultConfigurationName = Release;
		};
/* End XCConfigurationList section */
	};
	rootObject = 3F8CB04D1F428C4C00743FC0 /* Project object */;
}
