// !$*UTF8*$!
{
	archiveVersion = 1;
	classes = {
	};
	objectVersion = 55;
	objects = {

/* Begin PBXBuildFile section */
		3F2F2B5F2904624300B86B54 /* libraylib.a in Frameworks */ = {isa = PBXBuildFile; fileRef = 3F2F2B5B2904624300B86B54 /* libraylib.a */; };
		3F6C1FF3271A691300B28F2F /* corridori.c in Sources */ = {isa = PBXBuildFile; fileRef = 3F6C1FF1271A68E700B28F2F /* corridori.c */; };
		3F6C1FFB271A69EE00B28F2F /* AppKit.framework in Frameworks */ = {isa = PBXBuildFile; fileRef = 3F6C1FFA271A69EE00B28F2F /* AppKit.framework */; };
		3F6C1FFD271A69FE00B28F2F /* OpenGL.framework in Frameworks */ = {isa = PBXBuildFile; fileRef = 3F6C1FFC271A69FE00B28F2F /* OpenGL.framework */; };
		3F6C1FFF271A6A0A00B28F2F /* IOKit.framework in Frameworks */ = {isa = PBXBuildFile; fileRef = 3F6C1FFE271A6A0A00B28F2F /* IOKit.framework */; };
		3FC9BE902907FC8A00D13A45 /* cimgui.a in Frameworks */ = {isa = PBXBuildFile; fileRef = 3FC9BE8F2907FB5200D13A45 /* cimgui.a */; };
		3FC9BE932907FCAF00D13A45 /* stub.cpp in Sources */ = {isa = PBXBuildFile; fileRef = 3FC9BE912907FCAF00D13A45 /* stub.cpp */; };
/* End PBXBuildFile section */

/* Begin PBXCopyFilesBuildPhase section */
		3F9BB24A271A67FA005F19AD /* CopyFiles */ = {
			isa = PBXCopyFilesBuildPhase;
			buildActionMask = 2147483647;
			dstPath = /usr/share/man/man1/;
			dstSubfolderSpec = 0;
			files = (
			);
			runOnlyForDeploymentPostprocessing = 1;
		};
/* End PBXCopyFilesBuildPhase section */

/* Begin PBXFileReference section */
		3F2F2B5A2904624300B86B54 /* rlgl.h */ = {isa = PBXFileReference; fileEncoding = 4; lastKnownFileType = sourcecode.c.h; path = rlgl.h; sourceTree = "<group>"; };
		3F2F2B5B2904624300B86B54 /* libraylib.a */ = {isa = PBXFileReference; lastKnownFileType = archive.ar; path = libraylib.a; sourceTree = "<group>"; };
		3F2F2B5C2904624300B86B54 /* raymath.h */ = {isa = PBXFileReference; fileEncoding = 4; lastKnownFileType = sourcecode.c.h; path = raymath.h; sourceTree = "<group>"; };
		3F2F2B5D2904624300B86B54 /* raygui.h */ = {isa = PBXFileReference; fileEncoding = 4; lastKnownFileType = sourcecode.c.h; path = raygui.h; sourceTree = "<group>"; };
		3F2F2B5E2904624300B86B54 /* raylib.h */ = {isa = PBXFileReference; fileEncoding = 4; lastKnownFileType = sourcecode.c.h; path = raylib.h; sourceTree = "<group>"; };
		3F6C1FEE271A68E700B28F2F /* shared.h */ = {isa = PBXFileReference; lastKnownFileType = sourcecode.c.h; path = shared.h; sourceTree = "<group>"; };
		3F6C1FEF271A68E700B28F2F /* arca.c */ = {isa = PBXFileReference; lastKnownFileType = sourcecode.c.c; path = arca.c; sourceTree = "<group>"; };
		3F6C1FF0271A68E700B28F2F /* loader.asm */ = {isa = PBXFileReference; lastKnownFileType = sourcecode.asm.asm; path = loader.asm; sourceTree = "<group>"; };
		3F6C1FF1271A68E700B28F2F /* corridori.c */ = {isa = PBXFileReference; lastKnownFileType = sourcecode.c.c; path = corridori.c; sourceTree = "<group>"; };
		3F6C1FF2271A68E700B28F2F /* mana.c */ = {isa = PBXFileReference; lastKnownFileType = sourcecode.c.c; path = mana.c; sourceTree = "<group>"; };
		3F6C1FFA271A69EE00B28F2F /* AppKit.framework */ = {isa = PBXFileReference; lastKnownFileType = wrapper.framework; name = AppKit.framework; path = System/Library/Frameworks/AppKit.framework; sourceTree = SDKROOT; };
		3F6C1FFC271A69FE00B28F2F /* OpenGL.framework */ = {isa = PBXFileReference; lastKnownFileType = wrapper.framework; name = OpenGL.framework; path = System/Library/Frameworks/OpenGL.framework; sourceTree = SDKROOT; };
		3F6C1FFE271A6A0A00B28F2F /* IOKit.framework */ = {isa = PBXFileReference; lastKnownFileType = wrapper.framework; name = IOKit.framework; path = System/Library/Frameworks/IOKit.framework; sourceTree = SDKROOT; };
		3F9BB24C271A67FA005F19AD /* corridori */ = {isa = PBXFileReference; explicitFileType = "compiled.mach-o.executable"; includeInIndex = 0; path = corridori; sourceTree = BUILT_PRODUCTS_DIR; };
		3FC9BE8D2907FB3C00D13A45 /* cimgui-raylib.h */ = {isa = PBXFileReference; lastKnownFileType = sourcecode.c.h; path = "cimgui-raylib.h"; sourceTree = SOURCE_ROOT; };
		3FC9BE8E2907FB4C00D13A45 /* cimgui.h */ = {isa = PBXFileReference; lastKnownFileType = sourcecode.c.h; name = cimgui.h; path = "cimgui-9ce2c32/cimgui.h"; sourceTree = SOURCE_ROOT; };
		3FC9BE8F2907FB5200D13A45 /* cimgui.a */ = {isa = PBXFileReference; lastKnownFileType = archive.ar; name = cimgui.a; path = "cimgui-9ce2c32/cimgui.a"; sourceTree = SOURCE_ROOT; };
		3FC9BE912907FCAF00D13A45 /* stub.cpp */ = {isa = PBXFileReference; lastKnownFileType = sourcecode.cpp.cpp; path = stub.cpp; sourceTree = "<group>"; };
		3FC9BECD290B632700D13A45 /* pla_token_infos.h */ = {isa = PBXFileReference; lastKnownFileType = sourcecode.c.h; path = pla_token_infos.h; sourceTree = "<group>"; };
/* End PBXFileReference section */

/* Begin PBXFrameworksBuildPhase section */
		3F9BB249271A67FA005F19AD /* Frameworks */ = {
			isa = PBXFrameworksBuildPhase;
			buildActionMask = 2147483647;
			files = (
				3F2F2B5F2904624300B86B54 /* libraylib.a in Frameworks */,
				3F6C1FFF271A6A0A00B28F2F /* IOKit.framework in Frameworks */,
				3F6C1FFD271A69FE00B28F2F /* OpenGL.framework in Frameworks */,
				3FC9BE902907FC8A00D13A45 /* cimgui.a in Frameworks */,
				3F6C1FFB271A69EE00B28F2F /* AppKit.framework in Frameworks */,
			);
			runOnlyForDeploymentPostprocessing = 0;
		};
/* End PBXFrameworksBuildPhase section */

/* Begin PBXGroup section */
		3F2F2B592904624300B86B54 /* raylib-4.2.0 */ = {
			isa = PBXGroup;
			children = (
				3F2F2B5A2904624300B86B54 /* rlgl.h */,
				3F2F2B5B2904624300B86B54 /* libraylib.a */,
				3F2F2B5C2904624300B86B54 /* raymath.h */,
				3F2F2B5D2904624300B86B54 /* raygui.h */,
				3F2F2B5E2904624300B86B54 /* raylib.h */,
				3FC9BE8D2907FB3C00D13A45 /* cimgui-raylib.h */,
				3FC9BE8E2907FB4C00D13A45 /* cimgui.h */,
				3FC9BE8F2907FB5200D13A45 /* cimgui.a */,
				3FC9BE912907FCAF00D13A45 /* stub.cpp */,
			);
			path = "raylib-4.2.0";
			sourceTree = "<group>";
		};
		3F6C1FED271A68E700B28F2F /* src */ = {
			isa = PBXGroup;
			children = (
				3F6C1FEE271A68E700B28F2F /* shared.h */,
				3F6C1FEF271A68E700B28F2F /* arca.c */,
				3F6C1FF0271A68E700B28F2F /* loader.asm */,
				3F6C1FF1271A68E700B28F2F /* corridori.c */,
				3FC9BECD290B632700D13A45 /* pla_token_infos.h */,
				3F6C1FF2271A68E700B28F2F /* mana.c */,
			);
			name = src;
			path = ../src;
			sourceTree = "<group>";
		};
		3F6C1FF9271A69EE00B28F2F /* Frameworks */ = {
			isa = PBXGroup;
			children = (
				3F6C1FFE271A6A0A00B28F2F /* IOKit.framework */,
				3F6C1FFC271A69FE00B28F2F /* OpenGL.framework */,
				3F6C1FFA271A69EE00B28F2F /* AppKit.framework */,
			);
			name = Frameworks;
			sourceTree = "<group>";
		};
		3F9BB243271A67FA005F19AD = {
			isa = PBXGroup;
			children = (
				3F2F2B592904624300B86B54 /* raylib-4.2.0 */,
				3F6C1FED271A68E700B28F2F /* src */,
				3F9BB24D271A67FA005F19AD /* Products */,
				3F6C1FF9271A69EE00B28F2F /* Frameworks */,
			);
			sourceTree = "<group>";
		};
		3F9BB24D271A67FA005F19AD /* Products */ = {
			isa = PBXGroup;
			children = (
				3F9BB24C271A67FA005F19AD /* corridori */,
			);
			name = Products;
			sourceTree = "<group>";
		};
/* End PBXGroup section */

/* Begin PBXNativeTarget section */
		3F9BB24B271A67FA005F19AD /* corridori */ = {
			isa = PBXNativeTarget;
			buildConfigurationList = 3F9BB253271A67FA005F19AD /* Build configuration list for PBXNativeTarget "corridori" */;
			buildPhases = (
				3F9BB248271A67FA005F19AD /* Sources */,
				3F9BB249271A67FA005F19AD /* Frameworks */,
				3F9BB24A271A67FA005F19AD /* CopyFiles */,
			);
			buildRules = (
			);
			dependencies = (
			);
			name = corridori;
			productName = corridori;
			productReference = 3F9BB24C271A67FA005F19AD /* corridori */;
			productType = "com.apple.product-type.tool";
		};
/* End PBXNativeTarget section */

/* Begin PBXProject section */
		3F9BB244271A67FA005F19AD /* Project object */ = {
			isa = PBXProject;
			attributes = {
				BuildIndependentTargetsInParallel = 1;
				LastUpgradeCheck = 1300;
				TargetAttributes = {
					3F9BB24B271A67FA005F19AD = {
						CreatedOnToolsVersion = 13.0;
					};
				};
			};
			buildConfigurationList = 3F9BB247271A67FA005F19AD /* Build configuration list for PBXProject "corridori" */;
			compatibilityVersion = "Xcode 13.0";
			developmentRegion = en;
			hasScannedForEncodings = 0;
			knownRegions = (
				en,
				Base,
			);
			mainGroup = 3F9BB243271A67FA005F19AD;
			productRefGroup = 3F9BB24D271A67FA005F19AD /* Products */;
			projectDirPath = "";
			projectRoot = "";
			targets = (
				3F9BB24B271A67FA005F19AD /* corridori */,
			);
		};
/* End PBXProject section */

/* Begin PBXSourcesBuildPhase section */
		3F9BB248271A67FA005F19AD /* Sources */ = {
			isa = PBXSourcesBuildPhase;
			buildActionMask = 2147483647;
			files = (
				3F6C1FF3271A691300B28F2F /* corridori.c in Sources */,
				3FC9BE932907FCAF00D13A45 /* stub.cpp in Sources */,
			);
			runOnlyForDeploymentPostprocessing = 0;
		};
/* End PBXSourcesBuildPhase section */

/* Begin XCBuildConfiguration section */
		3F9BB251271A67FA005F19AD /* Debug */ = {
			isa = XCBuildConfiguration;
			buildSettings = {
				ALWAYS_SEARCH_USER_PATHS = NO;
				CLANG_ANALYZER_NONNULL = YES;
				CLANG_ANALYZER_NUMBER_OBJECT_CONVERSION = YES_AGGRESSIVE;
				CLANG_CXX_LANGUAGE_STANDARD = "gnu++17";
				CLANG_CXX_LIBRARY = "libc++";
				CLANG_ENABLE_MODULES = YES;
				CLANG_ENABLE_OBJC_ARC = YES;
				CLANG_ENABLE_OBJC_WEAK = YES;
				CLANG_WARN_BLOCK_CAPTURE_AUTORELEASING = YES;
				CLANG_WARN_BOOL_CONVERSION = YES;
				CLANG_WARN_COMMA = YES;
				CLANG_WARN_CONSTANT_CONVERSION = YES;
				CLANG_WARN_DEPRECATED_OBJC_IMPLEMENTATIONS = YES;
				CLANG_WARN_DIRECT_OBJC_ISA_USAGE = YES_ERROR;
				CLANG_WARN_DOCUMENTATION_COMMENTS = YES;
				CLANG_WARN_EMPTY_BODY = YES;
				CLANG_WARN_ENUM_CONVERSION = YES;
				CLANG_WARN_INFINITE_RECURSION = YES;
				CLANG_WARN_INT_CONVERSION = YES;
				CLANG_WARN_NON_LITERAL_NULL_CONVERSION = YES;
				CLANG_WARN_OBJC_IMPLICIT_RETAIN_SELF = YES;
				CLANG_WARN_OBJC_LITERAL_CONVERSION = YES;
				CLANG_WARN_OBJC_ROOT_CLASS = YES_ERROR;
				CLANG_WARN_QUOTED_INCLUDE_IN_FRAMEWORK_HEADER = YES;
				CLANG_WARN_RANGE_LOOP_ANALYSIS = YES;
				CLANG_WARN_STRICT_PROTOTYPES = YES;
				CLANG_WARN_SUSPICIOUS_MOVE = YES;
				CLANG_WARN_UNGUARDED_AVAILABILITY = YES_AGGRESSIVE;
				CLANG_WARN_UNREACHABLE_CODE = YES;
				CLANG_WARN__DUPLICATE_METHOD_MATCH = YES;
				COPY_PHASE_STRIP = NO;
				DEBUG_INFORMATION_FORMAT = dwarf;
				ENABLE_STRICT_OBJC_MSGSEND = YES;
				ENABLE_TESTABILITY = YES;
				GCC_C_LANGUAGE_STANDARD = gnu11;
				GCC_DYNAMIC_NO_PIC = NO;
				GCC_NO_COMMON_BLOCKS = YES;
				GCC_OPTIMIZATION_LEVEL = 0;
				GCC_PREPROCESSOR_DEFINITIONS = (
					"DEBUG=1",
					"$(inherited)",
				);
				GCC_WARN_64_TO_32_BIT_CONVERSION = YES;
				GCC_WARN_ABOUT_RETURN_TYPE = YES_ERROR;
				GCC_WARN_UNDECLARED_SELECTOR = YES;
				GCC_WARN_UNINITIALIZED_AUTOS = YES_AGGRESSIVE;
				GCC_WARN_UNUSED_FUNCTION = YES;
				GCC_WARN_UNUSED_VARIABLE = YES;
				MACOSX_DEPLOYMENT_TARGET = 11.3;
				MTL_ENABLE_DEBUG_INFO = INCLUDE_SOURCE;
				MTL_FAST_MATH = YES;
				ONLY_ACTIVE_ARCH = YES;
				SDKROOT = macosx;
			};
			name = Debug;
		};
		3F9BB252271A67FA005F19AD /* Release */ = {
			isa = XCBuildConfiguration;
			buildSettings = {
				ALWAYS_SEARCH_USER_PATHS = NO;
				CLANG_ANALYZER_NONNULL = YES;
				CLANG_ANALYZER_NUMBER_OBJECT_CONVERSION = YES_AGGRESSIVE;
				CLANG_CXX_LANGUAGE_STANDARD = "gnu++17";
				CLANG_CXX_LIBRARY = "libc++";
				CLANG_ENABLE_MODULES = YES;
				CLANG_ENABLE_OBJC_ARC = YES;
				CLANG_ENABLE_OBJC_WEAK = YES;
				CLANG_WARN_BLOCK_CAPTURE_AUTORELEASING = YES;
				CLANG_WARN_BOOL_CONVERSION = YES;
				CLANG_WARN_COMMA = YES;
				CLANG_WARN_CONSTANT_CONVERSION = YES;
				CLANG_WARN_DEPRECATED_OBJC_IMPLEMENTATIONS = YES;
				CLANG_WARN_DIRECT_OBJC_ISA_USAGE = YES_ERROR;
				CLANG_WARN_DOCUMENTATION_COMMENTS = YES;
				CLANG_WARN_EMPTY_BODY = YES;
				CLANG_WARN_ENUM_CONVERSION = YES;
				CLANG_WARN_INFINITE_RECURSION = YES;
				CLANG_WARN_INT_CONVERSION = YES;
				CLANG_WARN_NON_LITERAL_NULL_CONVERSION = YES;
				CLANG_WARN_OBJC_IMPLICIT_RETAIN_SELF = YES;
				CLANG_WARN_OBJC_LITERAL_CONVERSION = YES;
				CLANG_WARN_OBJC_ROOT_CLASS = YES_ERROR;
				CLANG_WARN_QUOTED_INCLUDE_IN_FRAMEWORK_HEADER = YES;
				CLANG_WARN_RANGE_LOOP_ANALYSIS = YES;
				CLANG_WARN_STRICT_PROTOTYPES = YES;
				CLANG_WARN_SUSPICIOUS_MOVE = YES;
				CLANG_WARN_UNGUARDED_AVAILABILITY = YES_AGGRESSIVE;
				CLANG_WARN_UNREACHABLE_CODE = YES;
				CLANG_WARN__DUPLICATE_METHOD_MATCH = YES;
				COPY_PHASE_STRIP = NO;
				DEBUG_INFORMATION_FORMAT = "dwarf-with-dsym";
				ENABLE_NS_ASSERTIONS = NO;
				ENABLE_STRICT_OBJC_MSGSEND = YES;
				GCC_C_LANGUAGE_STANDARD = gnu11;
				GCC_NO_COMMON_BLOCKS = YES;
				GCC_WARN_64_TO_32_BIT_CONVERSION = YES;
				GCC_WARN_ABOUT_RETURN_TYPE = YES_ERROR;
				GCC_WARN_UNDECLARED_SELECTOR = YES;
				GCC_WARN_UNINITIALIZED_AUTOS = YES_AGGRESSIVE;
				GCC_WARN_UNUSED_FUNCTION = YES;
				GCC_WARN_UNUSED_VARIABLE = YES;
				MACOSX_DEPLOYMENT_TARGET = 11.3;
				MTL_ENABLE_DEBUG_INFO = NO;
				MTL_FAST_MATH = YES;
				SDKROOT = macosx;
			};
			name = Release;
		};
		3F9BB254271A67FA005F19AD /* Debug */ = {
			isa = XCBuildConfiguration;
			buildSettings = {
				CODE_SIGN_STYLE = Automatic;
				DEVELOPMENT_TEAM = XN7L7M4GQT;
				ENABLE_HARDENED_RUNTIME = YES;
				LIBRARY_SEARCH_PATHS = (
					"$(inherited)",
					"$(PROJECT_DIR)/raylib-4.2.0",
					"$(PROJECT_DIR)/cimgui-9ce2c32",
				);
				PRODUCT_NAME = "$(TARGET_NAME)";
			};
			name = Debug;
		};
		3F9BB255271A67FA005F19AD /* Release */ = {
			isa = XCBuildConfiguration;
			buildSettings = {
				CODE_SIGN_STYLE = Automatic;
				DEVELOPMENT_TEAM = XN7L7M4GQT;
				ENABLE_HARDENED_RUNTIME = YES;
				LIBRARY_SEARCH_PATHS = (
					"$(inherited)",
					"$(PROJECT_DIR)/raylib-4.2.0",
					"$(PROJECT_DIR)/cimgui-9ce2c32",
				);
				PRODUCT_NAME = "$(TARGET_NAME)";
			};
			name = Release;
		};
/* End XCBuildConfiguration section */

/* Begin XCConfigurationList section */
		3F9BB247271A67FA005F19AD /* Build configuration list for PBXProject "corridori" */ = {
			isa = XCConfigurationList;
			buildConfigurations = (
				3F9BB251271A67FA005F19AD /* Debug */,
				3F9BB252271A67FA005F19AD /* Release */,
			);
			defaultConfigurationIsVisible = 0;
			defaultConfigurationName = Release;
		};
		3F9BB253271A67FA005F19AD /* Build configuration list for PBXNativeTarget "corridori" */ = {
			isa = XCConfigurationList;
			buildConfigurations = (
				3F9BB254271A67FA005F19AD /* Debug */,
				3F9BB255271A67FA005F19AD /* Release */,
			);
			defaultConfigurationIsVisible = 0;
			defaultConfigurationName = Release;
		};
/* End XCConfigurationList section */
	};
	rootObject = 3F9BB244271A67FA005F19AD /* Project object */;
}
